{
  "lockfileVersion": 1,
  "workspaces": {
    "": {
      "name": "thawth.me-ts",
      "dependencies": {
        "@rsbuild/plugin-sass": "^1",
      },
      "devDependencies": {
        "@bsgbryan/rnzlr": "link:@bsgbryan/rnzlr",
        "@rsbuild/core": "^1",
        "@rsbuild/plugin-react": "^1",
        "@types/bun": "latest",
        "@types/react": "^19.2.2",
        "typescript": "^5",
      },
    },
  },
  "packages": {
    "@bsgbryan/rnzlr": ["@bsgbryan/rnzlr@link:@bsgbryan/rnzlr", {}],

    "@bufbuild/protobuf": ["@bufbuild/protobuf@2.10.0", "", {}, "sha512-fdRs9PSrBF7QUntpZpq6BTw58fhgGJojgg39m9oFOJGZT+nip9b0so5cYY1oWl5pvemDLr0cPPsH46vwThEbpQ=="],

    "@emnapi/core": ["@emnapi/core@1.6.0", "", { "dependencies": { "@emnapi/wasi-threads": "1.1.0", "tslib": "^2.4.0" } }, "sha512-zq/ay+9fNIJJtJiZxdTnXS20PllcYMX3OE23ESc4HK/bdYu3cOWYVhsOhVnXALfU/uqJIxn5NBPd9z4v+SfoSg=="],

    "@emnapi/runtime": ["@emnapi/runtime@1.6.0", "", { "dependencies": { "tslib": "^2.4.0" } }, "sha512-obtUmAHTMjll499P+D9A3axeJFlhdjOWdKUNs/U6QIGT7V5RjcUW1xToAzjvmgTSQhDbYn/NwfTRoJcQ2rNBxA=="],

    "@emnapi/wasi-threads": ["@emnapi/wasi-threads@1.1.0", "", { "dependencies": { "tslib": "^2.4.0" } }, "sha512-WI0DdZ8xFSbgMjR1sFsKABJ/C5OnRrjT06JXbZKexJGrDuPTzZdDYfFlsgcCXCyf+suG5QU2e/y1Wo2V/OapLQ=="],

    "@module-federation/error-codes": ["@module-federation/error-codes@0.21.4", "", {}, "sha512-ClpL5MereWNXh+EgDjz7w4RrC1JlisQTvXDa1gLxpviHafzNDfdViVmuhi9xXVuj+EYo8KU70Y999KHhk9424Q=="],

    "@module-federation/runtime": ["@module-federation/runtime@0.21.4", "", { "dependencies": { "@module-federation/error-codes": "0.21.4", "@module-federation/runtime-core": "0.21.4", "@module-federation/sdk": "0.21.4" } }, "sha512-wgvGqryurVEvkicufJmTG0ZehynCeNLklv8kIk5BLIsWYSddZAE+xe4xov1kgH5fIJQAoQNkRauFFjVNlHoAkA=="],

    "@module-federation/runtime-core": ["@module-federation/runtime-core@0.21.4", "", { "dependencies": { "@module-federation/error-codes": "0.21.4", "@module-federation/sdk": "0.21.4" } }, "sha512-SGpmoOLGNxZofpTOk6Lxb2ewaoz5wMi93AFYuuJB04HTVcngEK+baNeUZ2D/xewrqNIJoMY6f5maUjVfIIBPUA=="],

    "@module-federation/runtime-tools": ["@module-federation/runtime-tools@0.21.4", "", { "dependencies": { "@module-federation/runtime": "0.21.4", "@module-federation/webpack-bundler-runtime": "0.21.4" } }, "sha512-RzFKaL0DIjSmkn76KZRfzfB6dD07cvID84950jlNQgdyoQFUGkqD80L6rIpVCJTY/R7LzR3aQjHnoqmq4JPo3w=="],

    "@module-federation/sdk": ["@module-federation/sdk@0.21.4", "", {}, "sha512-tzvhOh/oAfX++6zCDDxuvioHY4Jurf8vcfoCbKFxusjmyKr32GPbwFDazUP+OPhYCc3dvaa9oWU6X/qpUBLfJw=="],

    "@module-federation/webpack-bundler-runtime": ["@module-federation/webpack-bundler-runtime@0.21.4", "", { "dependencies": { "@module-federation/runtime": "0.21.4", "@module-federation/sdk": "0.21.4" } }, "sha512-dusmR3uPnQh9u9ChQo3M+GLOuGFthfvnh7WitF/a1eoeTfRmXqnMFsXtZCUK+f/uXf+64874Zj/bhAgbBcVHZA=="],

    "@napi-rs/wasm-runtime": ["@napi-rs/wasm-runtime@1.0.7", "", { "dependencies": { "@emnapi/core": "^1.5.0", "@emnapi/runtime": "^1.5.0", "@tybys/wasm-util": "^0.10.1" } }, "sha512-SeDnOO0Tk7Okiq6DbXmmBODgOAb9dp9gjlphokTUxmt8U3liIP1ZsozBahH69j/RJv+Rfs6IwUKHTgQYJ/HBAw=="],

    "@parcel/watcher": ["@parcel/watcher@2.5.1", "", { "dependencies": { "detect-libc": "^1.0.3", "is-glob": "^4.0.3", "micromatch": "^4.0.5", "node-addon-api": "^7.0.0" }, "optionalDependencies": { "@parcel/watcher-android-arm64": "2.5.1", "@parcel/watcher-darwin-arm64": "2.5.1", "@parcel/watcher-darwin-x64": "2.5.1", "@parcel/watcher-freebsd-x64": "2.5.1", "@parcel/watcher-linux-arm-glibc": "2.5.1", "@parcel/watcher-linux-arm-musl": "2.5.1", "@parcel/watcher-linux-arm64-glibc": "2.5.1", "@parcel/watcher-linux-arm64-musl": "2.5.1", "@parcel/watcher-linux-x64-glibc": "2.5.1", "@parcel/watcher-linux-x64-musl": "2.5.1", "@parcel/watcher-win32-arm64": "2.5.1", "@parcel/watcher-win32-ia32": "2.5.1", "@parcel/watcher-win32-x64": "2.5.1" } }, "sha512-dfUnCxiN9H4ap84DvD2ubjw+3vUNpstxa0TneY/Paat8a3R4uQZDLSvWjmznAY/DoahqTHl9V46HF/Zs3F29pg=="],

    "@parcel/watcher-android-arm64": ["@parcel/watcher-android-arm64@2.5.1", "", { "os": "android", "cpu": "arm64" }, "sha512-KF8+j9nNbUN8vzOFDpRMsaKBHZ/mcjEjMToVMJOhTozkDonQFFrRcfdLWn6yWKCmJKmdVxSgHiYvTCef4/qcBA=="],

    "@parcel/watcher-darwin-arm64": ["@parcel/watcher-darwin-arm64@2.5.1", "", { "os": "darwin", "cpu": "arm64" }, "sha512-eAzPv5osDmZyBhou8PoF4i6RQXAfeKL9tjb3QzYuccXFMQU0ruIc/POh30ePnaOyD1UXdlKguHBmsTs53tVoPw=="],

    "@parcel/watcher-darwin-x64": ["@parcel/watcher-darwin-x64@2.5.1", "", { "os": "darwin", "cpu": "x64" }, "sha512-1ZXDthrnNmwv10A0/3AJNZ9JGlzrF82i3gNQcWOzd7nJ8aj+ILyW1MTxVk35Db0u91oD5Nlk9MBiujMlwmeXZg=="],

    "@parcel/watcher-freebsd-x64": ["@parcel/watcher-freebsd-x64@2.5.1", "", { "os": "freebsd", "cpu": "x64" }, "sha512-SI4eljM7Flp9yPuKi8W0ird8TI/JK6CSxju3NojVI6BjHsTyK7zxA9urjVjEKJ5MBYC+bLmMcbAWlZ+rFkLpJQ=="],

    "@parcel/watcher-linux-arm-glibc": ["@parcel/watcher-linux-arm-glibc@2.5.1", "", { "os": "linux", "cpu": "arm" }, "sha512-RCdZlEyTs8geyBkkcnPWvtXLY44BCeZKmGYRtSgtwwnHR4dxfHRG3gR99XdMEdQ7KeiDdasJwwvNSF5jKtDwdA=="],

    "@parcel/watcher-linux-arm-musl": ["@parcel/watcher-linux-arm-musl@2.5.1", "", { "os": "linux", "cpu": "arm" }, "sha512-6E+m/Mm1t1yhB8X412stiKFG3XykmgdIOqhjWj+VL8oHkKABfu/gjFj8DvLrYVHSBNC+/u5PeNrujiSQ1zwd1Q=="],

    "@parcel/watcher-linux-arm64-glibc": ["@parcel/watcher-linux-arm64-glibc@2.5.1", "", { "os": "linux", "cpu": "arm64" }, "sha512-LrGp+f02yU3BN9A+DGuY3v3bmnFUggAITBGriZHUREfNEzZh/GO06FF5u2kx8x+GBEUYfyTGamol4j3m9ANe8w=="],

    "@parcel/watcher-linux-arm64-musl": ["@parcel/watcher-linux-arm64-musl@2.5.1", "", { "os": "linux", "cpu": "arm64" }, "sha512-cFOjABi92pMYRXS7AcQv9/M1YuKRw8SZniCDw0ssQb/noPkRzA+HBDkwmyOJYp5wXcsTrhxO0zq1U11cK9jsFg=="],

    "@parcel/watcher-linux-x64-glibc": ["@parcel/watcher-linux-x64-glibc@2.5.1", "", { "os": "linux", "cpu": "x64" }, "sha512-GcESn8NZySmfwlTsIur+49yDqSny2IhPeZfXunQi48DMugKeZ7uy1FX83pO0X22sHntJ4Ub+9k34XQCX+oHt2A=="],

    "@parcel/watcher-linux-x64-musl": ["@parcel/watcher-linux-x64-musl@2.5.1", "", { "os": "linux", "cpu": "x64" }, "sha512-n0E2EQbatQ3bXhcH2D1XIAANAcTZkQICBPVaxMeaCVBtOpBZpWJuf7LwyWPSBDITb7In8mqQgJ7gH8CILCURXg=="],

    "@parcel/watcher-win32-arm64": ["@parcel/watcher-win32-arm64@2.5.1", "", { "os": "win32", "cpu": "arm64" }, "sha512-RFzklRvmc3PkjKjry3hLF9wD7ppR4AKcWNzH7kXR7GUe0Igb3Nz8fyPwtZCSquGrhU5HhUNDr/mKBqj7tqA2Vw=="],

    "@parcel/watcher-win32-ia32": ["@parcel/watcher-win32-ia32@2.5.1", "", { "os": "win32", "cpu": "ia32" }, "sha512-c2KkcVN+NJmuA7CGlaGD1qJh1cLfDnQsHjE89E60vUEMlqduHGCdCLJCID5geFVM0dOtA3ZiIO8BoEQmzQVfpQ=="],

    "@parcel/watcher-win32-x64": ["@parcel/watcher-win32-x64@2.5.1", "", { "os": "win32", "cpu": "x64" }, "sha512-9lHBdJITeNR++EvSQVUcaZoWupyHfXe1jZvGZ06O/5MflPcuPLtEphScIBL+AiCWBO46tDSHzWyD0uDmmZqsgA=="],

    "@rsbuild/core": ["@rsbuild/core@1.6.7", "", { "dependencies": { "@rspack/core": "1.6.4", "@rspack/lite-tapable": "~1.1.0", "@swc/helpers": "^0.5.17", "core-js": "~3.46.0", "jiti": "^2.6.1" }, "bin": { "rsbuild": "bin/rsbuild.js" } }, "sha512-V0INbMrT/LwyhzKmvpupe2oSvPFWaivz7sdriFRp381BJvD0d2pYcq9iRW91bxgMRX78MgTzFYAu868hMAzoSw=="],

    "@rsbuild/plugin-react": ["@rsbuild/plugin-react@1.4.2", "", { "dependencies": { "@rspack/plugin-react-refresh": "^1.5.2", "react-refresh": "^0.18.0" }, "peerDependencies": { "@rsbuild/core": "1.x" } }, "sha512-2rJb5mOuqVof2aDq4SbB1E65+0n1vjhAADipC88jvZRNuTOulg79fh7R4tsCiBMI4VWq46gSpwekiK8G5bq6jg=="],

    "@rsbuild/plugin-sass": ["@rsbuild/plugin-sass@1.4.0", "", { "dependencies": { "deepmerge": "^4.3.1", "loader-utils": "^2.0.4", "postcss": "^8.5.6", "reduce-configs": "^1.1.1", "sass-embedded": "^1.90.0" }, "peerDependencies": { "@rsbuild/core": "1.x" } }, "sha512-2XcrXUwJftWsWURsvGKKXc7A4yEAUdVkw+K95Qrfmy5E5IfARik0Ko3TFB1828wdvhZ1OFLvDQEzONCIyQV1yg=="],

    "@rspack/binding": ["@rspack/binding@1.6.4", "", { "optionalDependencies": { "@rspack/binding-darwin-arm64": "1.6.4", "@rspack/binding-darwin-x64": "1.6.4", "@rspack/binding-linux-arm64-gnu": "1.6.4", "@rspack/binding-linux-arm64-musl": "1.6.4", "@rspack/binding-linux-x64-gnu": "1.6.4", "@rspack/binding-linux-x64-musl": "1.6.4", "@rspack/binding-wasm32-wasi": "1.6.4", "@rspack/binding-win32-arm64-msvc": "1.6.4", "@rspack/binding-win32-ia32-msvc": "1.6.4", "@rspack/binding-win32-x64-msvc": "1.6.4" } }, "sha512-vUxc/zUdsCuyysOvP4CTdIYxsZPb2jIXST5vrLABiTPIaHpXZ0hVdgKif2XPJwJeuCVS6w25xvyPN0mBCU0MvQ=="],

    "@rspack/binding-darwin-arm64": ["@rspack/binding-darwin-arm64@1.6.4", "", { "os": "darwin", "cpu": "arm64" }, "sha512-qD2C5xwdY2qKEXTZiPJQx1L1kELapOc0AaZDqcAyzXs30d1qTKpx6PdyW3HN+gueKovyWZwMMYfz6RxcMCnaDQ=="],

    "@rspack/binding-darwin-x64": ["@rspack/binding-darwin-x64@1.6.4", "", { "os": "darwin", "cpu": "x64" }, "sha512-IHceyLDxeubqIrGz4gUqJavnygTij4vtDDE2Fkgobz7hkTJwGtD5mxBKbVNRqGvhrasVw0h9rEjR7tdbDSiUhQ=="],

    "@rspack/binding-linux-arm64-gnu": ["@rspack/binding-linux-arm64-gnu@1.6.4", "", { "os": "linux", "cpu": "arm64" }, "sha512-Ldpoz2wWnBaL2+XKLIOyCZMkAkd4pk/L24EVgma3SpRtwgenLEr10bQupvwGAK5OLkjayslOTZmRiAv0FH5o/w=="],

    "@rspack/binding-linux-arm64-musl": ["@rspack/binding-linux-arm64-musl@1.6.4", "", { "os": "linux", "cpu": "arm64" }, "sha512-3fLMSDK5yMjKmx7iFbYG3P3A0xNdtmNu09v5P6hzq65tkJ3dflIt3p8DvtOTURtuSgQZV2A1LDd9hpIXdnigqA=="],

    "@rspack/binding-linux-x64-gnu": ["@rspack/binding-linux-x64-gnu@1.6.4", "", { "os": "linux", "cpu": "x64" }, "sha512-5YzXUKLnaiqND05CDgkKE0WNRtC1ulkVncYs78xPikonzZmgVXa8eRaTPOZC6ZjpLR0eTsg+MSesLUsPUu27hA=="],

    "@rspack/binding-linux-x64-musl": ["@rspack/binding-linux-x64-musl@1.6.4", "", { "os": "linux", "cpu": "x64" }, "sha512-KcSFla8a9bXG1mmV5oQ1R5h/dSXfd41/qHOsNuLqho2UCX8CVh4dezUA153dj7p1S4yOhTy6VZZi6C1szweE9A=="],

    "@rspack/binding-wasm32-wasi": ["@rspack/binding-wasm32-wasi@1.6.4", "", { "dependencies": { "@napi-rs/wasm-runtime": "1.0.7" }, "cpu": "none" }, "sha512-mfFJbDJkRy5I1iW3m0JlWbc0X8pjVd+GRUz5nhbccwEhSQOc27ao3evf7XPU4aaDxud1B3UEqYiRcRmtm1BrjA=="],

    "@rspack/binding-win32-arm64-msvc": ["@rspack/binding-win32-arm64-msvc@1.6.4", "", { "os": "win32", "cpu": "arm64" }, "sha512-QtIqxsfeTSS1lwfaPGrPFfJ9ir/3aWZv5t3iAgYj/CNUA8MTKWt4vQKcco7NRIGK4ZLMI+dgJBFtvd/lUDMQsw=="],

    "@rspack/binding-win32-ia32-msvc": ["@rspack/binding-win32-ia32-msvc@1.6.4", "", { "os": "win32", "cpu": "ia32" }, "sha512-HXEWGDllgh0jFwjGhkGcLqb0dzXbc/rA8vQr2JcSdC41p1DTzLgO215jWdKSIvzCzhyPh3VeQkXk76hjFB2cLQ=="],

    "@rspack/binding-win32-x64-msvc": ["@rspack/binding-win32-x64-msvc@1.6.4", "", { "os": "win32", "cpu": "x64" }, "sha512-MAO5rOnGYoeuT2LPn/P7JVJCi3d78XoXgOq3tkGh6qXhvhkjsBRtYluWCzACXQpXfFHEWYd7uT5yHoZgxiVuoA=="],

    "@rspack/core": ["@rspack/core@1.6.4", "", { "dependencies": { "@module-federation/runtime-tools": "0.21.4", "@rspack/binding": "1.6.4", "@rspack/lite-tapable": "1.1.0" }, "peerDependencies": { "@swc/helpers": ">=0.5.1" }, "optionalPeers": ["@swc/helpers"] }, "sha512-5F1+MQD8rfbFbUHnaiZe4jqOu9pnSb+PliqQvi0lj+uvpMpcS3sJDIs/mz6P1u87lfkfBXChIT4zSLAzeOgMWw=="],

    "@rspack/lite-tapable": ["@rspack/lite-tapable@1.1.0", "", {}, "sha512-E2B0JhYFmVAwdDiG14+DW0Di4Ze4Jg10Pc4/lILUrd5DRCaklduz2OvJ5HYQ6G+hd+WTzqQb3QnDNfK4yvAFYw=="],

    "@rspack/plugin-react-refresh": ["@rspack/plugin-react-refresh@1.5.2", "", { "dependencies": { "error-stack-parser": "^2.1.4", "html-entities": "^2.6.0" }, "peerDependencies": { "react-refresh": ">=0.10.0 <1.0.0", "webpack-hot-middleware": "2.x" }, "optionalPeers": ["webpack-hot-middleware"] }, "sha512-uTbN6P01LPdQOnl5YNwHkN4hDsb9Sb5nIetQb55mPyFiJnu9MQetmBUm+tmh8JJg0QPv4Ew7tXgi4hjpHFY3Rw=="],

    "@swc/helpers": ["@swc/helpers@0.5.17", "", { "dependencies": { "tslib": "^2.8.0" } }, "sha512-5IKx/Y13RsYd+sauPb2x+U/xZikHjolzfuDgTAl/Tdf3Q8rslRvC19NKDLgAJQ6wsqADk10ntlv08nPFw/gO/A=="],

    "@tybys/wasm-util": ["@tybys/wasm-util@0.10.1", "", { "dependencies": { "tslib": "^2.4.0" } }, "sha512-9tTaPJLSiejZKx+Bmog4uSubteqTvFrVrURwkmHixBo0G4seD0zUxp98E1DzUBJxLQ3NPwXrGKDiVjwx/DpPsg=="],

    "@types/bun": ["@types/bun@1.3.2", "", { "dependencies": { "bun-types": "1.3.2" } }, "sha512-t15P7k5UIgHKkxwnMNkJbWlh/617rkDGEdSsDbu+qNHTaz9SKf7aC8fiIlUdD5RPpH6GEkP0cK7WlvmrEBRtWg=="],

    "@types/node": ["@types/node@24.9.2", "", { "dependencies": { "undici-types": "~7.16.0" } }, "sha512-uWN8YqxXxqFMX2RqGOrumsKeti4LlmIMIyV0lgut4jx7KQBcBiW6vkDtIBvHnHIquwNfJhk8v2OtmO8zXWHfPA=="],

    "@types/react": ["@types/react@19.2.6", "", { "dependencies": { "csstype": "^3.2.2" } }, "sha512-p/jUvulfgU7oKtj6Xpk8cA2Y1xKTtICGpJYeJXz2YVO2UcvjQgeRMLDGfDeqeRW2Ta+0QNFwcc8X3GH8SxZz6w=="],

    "big.js": ["big.js@5.2.2", "", {}, "sha512-vyL2OymJxmarO8gxMr0mhChsO9QGwhynfuu4+MHTAW6czfq9humCB7rKpUjDd9YUiDPU4mzpyupFSvOClAwbmQ=="],

    "braces": ["braces@3.0.3", "", { "dependencies": { "fill-range": "^7.1.1" } }, "sha512-yQbXgO/OSZVD2IsiLlro+7Hf6Q18EJrKSEsdoMzKePKXct3gvD8oLcOQdIzGupr5Fj+EDe8gO/lxc1BzfMpxvA=="],

    "buffer-builder": ["buffer-builder@0.2.0", "", {}, "sha512-7VPMEPuYznPSoR21NE1zvd2Xna6c/CloiZCfcMXR1Jny6PjX0N4Nsa38zcBFo/FMK+BlA+FLKbJCQ0i2yxp+Xg=="],

    "bun-types": ["bun-types@1.3.2", "", { "dependencies": { "@types/node": "*" }, "peerDependencies": { "@types/react": "^19" } }, "sha512-i/Gln4tbzKNuxP70OWhJRZz1MRfvqExowP7U6JKoI8cntFrtxg7RJK3jvz7wQW54UuvNC8tbKHHri5fy74FVqg=="],

    "chokidar": ["chokidar@4.0.3", "", { "dependencies": { "readdirp": "^4.0.1" } }, "sha512-Qgzu8kfBvo+cA4962jnP1KkS6Dop5NS6g7R5LFYJr4b8Ub94PPQXUksCw9PvXoeXPRRddRNC5C1JQUR2SMGtnA=="],

    "colorjs.io": ["colorjs.io@0.5.2", "", {}, "sha512-twmVoizEW7ylZSN32OgKdXRmo1qg+wT5/6C3xu5b9QsWzSFAhHLn2xd8ro0diCsKfCj1RdaTP/nrcW+vAoQPIw=="],

    "core-js": ["core-js@3.46.0", "", {}, "sha512-vDMm9B0xnqqZ8uSBpZ8sNtRtOdmfShrvT6h2TuQGLs0Is+cR0DYbj/KWP6ALVNbWPpqA/qPLoOuppJN07humpA=="],

    "csstype": ["csstype@3.2.3", "", {}, "sha512-z1HGKcYy2xA8AGQfwrn0PAy+PB7X/GSj3UVJW9qKyn43xWa+gl5nXmU4qqLMRzWVLFC8KusUX8T/0kCiOYpAIQ=="],

    "deepmerge": ["deepmerge@4.3.1", "", {}, "sha512-3sUqbMEc77XqpdNO7FRyRog+eW3ph+GYCbj+rK+uYyRMuwsVy0rMiVtPn+QJlKFvWP/1PYpapqYn0Me2knFn+A=="],

    "detect-libc": ["detect-libc@1.0.3", "", { "bin": { "detect-libc": "./bin/detect-libc.js" } }, "sha512-pGjwhsmsp4kL2RTz08wcOlGN83otlqHeD/Z5T8GXZB+/YcpQ/dgo+lbU8ZsGxV0HIvqqxo9l7mqYwyYMD9bKDg=="],

    "emojis-list": ["emojis-list@3.0.0", "", {}, "sha512-/kyM18EfinwXZbno9FyUGeFh87KC8HRQBQGildHZbEuRyWFOmv1U10o9BBp8XVZDVNNuQKyIGIu5ZYAAXJ0V2Q=="],

    "error-stack-parser": ["error-stack-parser@2.1.4", "", { "dependencies": { "stackframe": "^1.3.4" } }, "sha512-Sk5V6wVazPhq5MhpO+AUxJn5x7XSXGl1R93Vn7i+zS15KDVxQijejNCrz8340/2bgLBjR9GtEG8ZVKONDjcqGQ=="],

    "fill-range": ["fill-range@7.1.1", "", { "dependencies": { "to-regex-range": "^5.0.1" } }, "sha512-YsGpe3WHLK8ZYi4tWDg2Jy3ebRz2rXowDxnld4bkQB00cc/1Zw9AWnC0i9ztDJitivtQvaI9KaLyKrc+hBW0yg=="],

    "has-flag": ["has-flag@4.0.0", "", {}, "sha512-EykJT/Q1KjTWctppgIAgfSO0tKVuZUjhgMr17kqTumMl6Afv3EISleU7qZUzoXDFTAHTDC4NOoG/ZxU3EvlMPQ=="],

    "html-entities": ["html-entities@2.6.0", "", {}, "sha512-kig+rMn/QOVRvr7c86gQ8lWXq+Hkv6CbAH1hLu+RG338StTpE8Z0b44SDVaqVu7HGKf27frdmUYEs9hTUX/cLQ=="],

    "immutable": ["immutable@5.1.4", "", {}, "sha512-p6u1bG3YSnINT5RQmx/yRZBpenIl30kVxkTLDyHLIMk0gict704Q9n+thfDI7lTRm9vXdDYutVzXhzcThxTnXA=="],

    "is-extglob": ["is-extglob@2.1.1", "", {}, "sha512-SbKbANkN603Vi4jEZv49LeVJMn4yGwsbzZworEoyEiutsN3nJYdbO36zfhGJ6QEDpOZIFkDtnq5JRxmvl3jsoQ=="],

    "is-glob": ["is-glob@4.0.3", "", { "dependencies": { "is-extglob": "^2.1.1" } }, "sha512-xelSayHH36ZgE7ZWhli7pW34hNbNl8Ojv5KVmkJD4hBdD3th8Tfk9vYasLM+mXWOZhFkgZfxhLSnrwRr4elSSg=="],

    "is-number": ["is-number@7.0.0", "", {}, "sha512-41Cifkg6e8TylSpdtTpeLVMqvSBEVzTttHvERD741+pnZ8ANv0004MRL43QKPDlK9cGvNp6NZWZUBlbGXYxxng=="],

    "jiti": ["jiti@2.6.1", "", { "bin": { "jiti": "lib/jiti-cli.mjs" } }, "sha512-ekilCSN1jwRvIbgeg/57YFh8qQDNbwDb9xT/qu2DAHbFFZUicIl4ygVaAvzveMhMVr3LnpSKTNnwt8PoOfmKhQ=="],

    "json5": ["json5@2.2.3", "", { "bin": { "json5": "lib/cli.js" } }, "sha512-XmOWe7eyHYH14cLdVPoyg+GOH3rYX++KpzrylJwSW98t3Nk+U8XOl8FWKOgwtzdb8lXGf6zYwDUzeHMWfxasyg=="],

    "loader-utils": ["loader-utils@2.0.4", "", { "dependencies": { "big.js": "^5.2.2", "emojis-list": "^3.0.0", "json5": "^2.1.2" } }, "sha512-xXqpXoINfFhgua9xiqD8fPFHgkoq1mmmpE92WlDbm9rNRd/EbRb+Gqf908T2DMfuHjjJlksiK2RbHVOdD/MqSw=="],

    "micromatch": ["micromatch@4.0.8", "", { "dependencies": { "braces": "^3.0.3", "picomatch": "^2.3.1" } }, "sha512-PXwfBhYu0hBCPw8Dn0E+WDYb7af3dSLVWKi3HGv84IdF4TyFoC0ysxFd0Goxw7nSv4T/PzEJQxsYsEiFCKo2BA=="],

    "nanoid": ["nanoid@3.3.11", "", { "bin": { "nanoid": "bin/nanoid.cjs" } }, "sha512-N8SpfPUnUp1bK+PMYW8qSWdl9U+wwNWI4QKxOYDy9JAro3WMX7p2OeVRF9v+347pnakNevPmiHhNmZ2HbFA76w=="],

    "node-addon-api": ["node-addon-api@7.1.1", "", {}, "sha512-5m3bsyrjFWE1xf7nz7YXdN4udnVtXK6/Yfgn5qnahL6bCkf2yKt4k3nuTKAtT4r3IG8JNR2ncsIMdZuAzJjHQQ=="],

    "picocolors": ["picocolors@1.1.1", "", {}, "sha512-xceH2snhtb5M9liqDsmEw56le376mTZkEX/jEb/RxNFyegNul7eNslCXP9FDj/Lcu0X8KEyMceP2ntpaHrDEVA=="],

    "picomatch": ["picomatch@2.3.1", "", {}, "sha512-JU3teHTNjmE2VCGFzuY8EXzCDVwEqB2a8fsIvwaStHhAWJEeVd1o1QD80CU6+ZdEXXSLbSsuLwJjkCBWqRQUVA=="],

    "postcss": ["postcss@8.5.6", "", { "dependencies": { "nanoid": "^3.3.11", "picocolors": "^1.1.1", "source-map-js": "^1.2.1" } }, "sha512-3Ybi1tAuwAP9s0r1UQ2J4n5Y0G05bJkpUIO0/bI9MhwmD70S5aTWbXGBwxHrelT+XM1k6dM0pk+SwNkpTRN7Pg=="],

    "react-refresh": ["react-refresh@0.18.0", "", {}, "sha512-QgT5//D3jfjJb6Gsjxv0Slpj23ip+HtOpnNgnb2S5zU3CB26G/IDPGoy4RJB42wzFE46DRsstbW6tKHoKbhAxw=="],

    "readdirp": ["readdirp@4.1.2", "", {}, "sha512-GDhwkLfywWL2s6vEjyhri+eXmfH6j1L7JE27WhqLeYzoh/A3DBaYGEj2H/HFZCn/kMfim73FXxEJTw06WtxQwg=="],

    "reduce-configs": ["reduce-configs@1.1.1", "", {}, "sha512-EYtsVGAQarE8daT54cnaY1PIknF2VB78ug6Zre2rs36EsJfC40EG6hmTU2A2P1ZuXnKAt2KI0fzOGHcX7wzdPw=="],

    "rxjs": ["rxjs@7.8.2", "", { "dependencies": { "tslib": "^2.1.0" } }, "sha512-dhKf903U/PQZY6boNNtAGdWbG85WAbjT/1xYoZIC7FAY0yWapOBQVsVrDl58W86//e1VpMNBtRV4MaXfdMySFA=="],

    "sass": ["sass@1.93.3", "", { "dependencies": { "chokidar": "^4.0.0", "immutable": "^5.0.2", "source-map-js": ">=0.6.2 <2.0.0" }, "optionalDependencies": { "@parcel/watcher": "^2.4.1" }, "bin": { "sass": "sass.js" } }, "sha512-elOcIZRTM76dvxNAjqYrucTSI0teAF/L2Lv0s6f6b7FOwcwIuA357bIE871580AjHJuSvLIRUosgV+lIWx6Rgg=="],

    "sass-embedded": ["sass-embedded@1.93.3", "", { "dependencies": { "@bufbuild/protobuf": "^2.5.0", "buffer-builder": "^0.2.0", "colorjs.io": "^0.5.0", "immutable": "^5.0.2", "rxjs": "^7.4.0", "supports-color": "^8.1.1", "sync-child-process": "^1.0.2", "varint": "^6.0.0" }, "optionalDependencies": { "sass-embedded-all-unknown": "1.93.3", "sass-embedded-android-arm": "1.93.3", "sass-embedded-android-arm64": "1.93.3", "sass-embedded-android-riscv64": "1.93.3", "sass-embedded-android-x64": "1.93.3", "sass-embedded-darwin-arm64": "1.93.3", "sass-embedded-darwin-x64": "1.93.3", "sass-embedded-linux-arm": "1.93.3", "sass-embedded-linux-arm64": "1.93.3", "sass-embedded-linux-musl-arm": "1.93.3", "sass-embedded-linux-musl-arm64": "1.93.3", "sass-embedded-linux-musl-riscv64": "1.93.3", "sass-embedded-linux-musl-x64": "1.93.3", "sass-embedded-linux-riscv64": "1.93.3", "sass-embedded-linux-x64": "1.93.3", "sass-embedded-unknown-all": "1.93.3", "sass-embedded-win32-arm64": "1.93.3", "sass-embedded-win32-x64": "1.93.3" }, "bin": { "sass": "dist/bin/sass.js" } }, "sha512-+VUy01yfDqNmIVMd/LLKl2TTtY0ovZN0rTonh+FhKr65mFwIYgU9WzgIZKS7U9/SPCQvWTsTGx9jyt+qRm/XFw=="],

    "sass-embedded-all-unknown": ["sass-embedded-all-unknown@1.93.3", "", { "dependencies": { "sass": "1.93.3" }, "cpu": [ "!arm", "!x64", "!arm64", ] }, "sha512-3okGgnE41eg+CPLtAPletu6nQ4N0ij7AeW+Sl5Km4j29XcmqZQeFwYjHe1AlKTEgLi/UAONk1O8i8/lupeKMbw=="],

    "sass-embedded-android-arm": ["sass-embedded-android-arm@1.93.3", "", { "os": "android", "cpu": "arm" }, "sha512-8xOw9bywfOD6Wv24BgCmgjkk6tMrsOTTHcb28KDxeJtFtoxiUyMbxo0vChpPAfp2Hyg2tFFKS60s0s4JYk+Raw=="],

    "sass-embedded-android-arm64": ["sass-embedded-android-arm64@1.93.3", "", { "os": "android", "cpu": "arm64" }, "sha512-uqUl3Kt1IqdGVAcAdbmC+NwuUJy8tM+2ZnB7/zrt6WxWVShVCRdFnWR9LT8HJr7eJN7AU8kSXxaVX/gedanPsg=="],

    "sass-embedded-android-riscv64": ["sass-embedded-android-riscv64@1.93.3", "", { "os": "android", "cpu": "none" }, "sha512-2jNJDmo+3qLocjWqYbXiBDnfgwrUeZgZFHJIwAefU7Fn66Ot7rsXl+XPwlokaCbTpj7eMFIqsRAZ/uDueXNCJg=="],

    "sass-embedded-android-x64": ["sass-embedded-android-x64@1.93.3", "", { "os": "android", "cpu": "x64" }, "sha512-y0RoAU6ZenQFcjM9PjQd3cRqRTjqwSbtWLL/p68y2oFyh0QGN0+LQ826fc0ZvU/AbqCsAizkqjzOn6cRZJxTTQ=="],

    "sass-embedded-darwin-arm64": ["sass-embedded-darwin-arm64@1.93.3", "", { "os": "darwin", "cpu": "arm64" }, "sha512-7zb/hpdMOdKteK17BOyyypemglVURd1Hdz6QGsggy60aUFfptTLQftLRg8r/xh1RbQAUKWFbYTNaM47J9yPxYg=="],

    "sass-embedded-darwin-x64": ["sass-embedded-darwin-x64@1.93.3", "", { "os": "darwin", "cpu": "x64" }, "sha512-Ek1Vp8ZDQEe327Lz0b7h3hjvWH3u9XjJiQzveq74RPpJQ2q6d9LfWpjiRRohM4qK6o4XOHw1X10OMWPXJtdtWg=="],

    "sass-embedded-linux-arm": ["sass-embedded-linux-arm@1.93.3", "", { "os": "linux", "cpu": "arm" }, "sha512-yeiv2y+dp8B4wNpd3+JsHYD0mvpXSfov7IGyQ1tMIR40qv+ROkRqYiqQvAOXf76Qwh4Y9OaYZtLpnsPjfeq6mA=="],

    "sass-embedded-linux-arm64": ["sass-embedded-linux-arm64@1.93.3", "", { "os": "linux", "cpu": "arm64" }, "sha512-RBrHWgfd8Dd8w4fbmdRVXRrhh8oBAPyeWDTKAWw8ZEmuXfVl4ytjDuyxaVilh6rR1xTRTNpbaA/YWApBlLrrNw=="],

    "sass-embedded-linux-musl-arm": ["sass-embedded-linux-musl-arm@1.93.3", "", { "os": "linux", "cpu": "arm" }, "sha512-fU0fwAwbp7sBE3h5DVU5UPzvaLg7a4yONfFWkkcCp6ZrOiPuGRHXXYriWQ0TUnWy4wE+svsVuWhwWgvlb/tkKg=="],

    "sass-embedded-linux-musl-arm64": ["sass-embedded-linux-musl-arm64@1.93.3", "", { "os": "linux", "cpu": "arm64" }, "sha512-PS829l+eUng+9W4PFclXGb4uA2+965NHV3/Sa5U7qTywjeeUUYTZg70dJHSqvhrBEfCc2XJABeW3adLJbyQYkw=="],

    "sass-embedded-linux-musl-riscv64": ["sass-embedded-linux-musl-riscv64@1.93.3", "", { "os": "linux", "cpu": "none" }, "sha512-cK1oBY+FWQquaIGEeQ5H74KTO8cWsSWwXb/WaildOO9U6wmUypTgUYKQ0o5o/29nZbWWlM1PHuwVYTSnT23Jjg=="],

    "sass-embedded-linux-musl-x64": ["sass-embedded-linux-musl-x64@1.93.3", "", { "os": "linux", "cpu": "x64" }, "sha512-A7wkrsHu2/I4Zpa0NMuPGkWDVV7QGGytxGyUq3opSXgAexHo/vBPlGoDXoRlSdex0cV+aTMRPjoGIfdmNlHwyg=="],

    "sass-embedded-linux-riscv64": ["sass-embedded-linux-riscv64@1.93.3", "", { "os": "linux", "cpu": "none" }, "sha512-vWkW1+HTF5qcaHa6hO80gx/QfB6GGjJUP0xLbnAoY4pwEnw5ulGv6RM8qYr8IDhWfVt/KH+lhJ2ZFxnJareisQ=="],

    "sass-embedded-linux-x64": ["sass-embedded-linux-x64@1.93.3", "", { "os": "linux", "cpu": "x64" }, "sha512-k6uFxs+e5jSuk1Y0niCwuq42F9ZC5UEP7P+RIOurIm8w/5QFa0+YqeW+BPWEW5M1FqVOsNZH3qGn4ahqvAEjPA=="],

    "sass-embedded-unknown-all": ["sass-embedded-unknown-all@1.93.3", "", { "dependencies": { "sass": "1.93.3" }, "os": [ "!linux", "!win32", "!darwin", "!android", ] }, "sha512-o5wj2rLpXH0C+GJKt/VpWp6AnMsCCbfFmnMAttcrsa+U3yrs/guhZ3x55KAqqUsE8F47e3frbsDL+1OuQM5DAA=="],

    "sass-embedded-win32-arm64": ["sass-embedded-win32-arm64@1.93.3", "", { "os": "win32", "cpu": "arm64" }, "sha512-0dOfT9moy9YmBolodwYYXtLwNr4jL4HQC9rBfv6mVrD7ud8ue2kDbn+GVzj1hEJxvEexVSmDCf7MHUTLcGs9xQ=="],

    "sass-embedded-win32-x64": ["sass-embedded-win32-x64@1.93.3", "", { "os": "win32", "cpu": "x64" }, "sha512-wHFVfxiS9hU/sNk7KReD+lJWRp3R0SLQEX4zfOnRP2zlvI2X4IQR5aZr9GNcuMP6TmNpX0nQPZTegS8+h9RrEg=="],

    "source-map-js": ["source-map-js@1.2.1", "", {}, "sha512-UXWMKhLOwVKb728IUtQPXxfYU+usdybtUrK/8uGE8CQMvrhOpwvzDBwj0QhSL7MQc7vIsISBG8VQ8+IDQxpfQA=="],

    "stackframe": ["stackframe@1.3.4", "", {}, "sha512-oeVtt7eWQS+Na6F//S4kJ2K2VbRlS9D43mAlMyVpVWovy9o+jfgH8O9agzANzaiLjclA0oYzUXEM4PurhSUChw=="],

    "supports-color": ["supports-color@8.1.1", "", { "dependencies": { "has-flag": "^4.0.0" } }, "sha512-MpUEN2OodtUzxvKQl72cUF7RQ5EiHsGvSsVG0ia9c5RbWGL2CI4C7EpPS8UTBIplnlzZiNuV56w+FuNxy3ty2Q=="],

    "sync-child-process": ["sync-child-process@1.0.2", "", { "dependencies": { "sync-message-port": "^1.0.0" } }, "sha512-8lD+t2KrrScJ/7KXCSyfhT3/hRq78rC0wBFqNJXv3mZyn6hW2ypM05JmlSvtqRbeq6jqA94oHbxAr2vYsJ8vDA=="],

    "sync-message-port": ["sync-message-port@1.1.3", "", {}, "sha512-GTt8rSKje5FilG+wEdfCkOcLL7LWqpMlr2c3LRuKt/YXxcJ52aGSbGBAdI4L3aaqfrBt6y711El53ItyH1NWzg=="],

    "to-regex-range": ["to-regex-range@5.0.1", "", { "dependencies": { "is-number": "^7.0.0" } }, "sha512-65P7iz6X5yEr1cwcgvQxbbIw7Uk3gOy5dIdtZ4rDveLqhrdJP+Li/Hx6tyK0NEb+2GCyneCMJiGqrADCSNk8sQ=="],

    "tslib": ["tslib@2.8.1", "", {}, "sha512-oJFu94HQb+KVduSUQL7wnpmqnfmLsOA/nAh6b6EH0wCEoK0/mPeXU6c3wKDV83MkOuHPRHtSXKKU99IBazS/2w=="],

    "typescript": ["typescript@5.9.3", "", { "bin": { "tsc": "bin/tsc", "tsserver": "bin/tsserver" } }, "sha512-jl1vZzPDinLr9eUt3J/t7V6FgNEw9QjvBPdysz9KfQDD41fQrC2Y4vKQdiaUpFT4bXlb1RHhLpp8wtm6M5TgSw=="],

    "undici-types": ["undici-types@7.16.0", "", {}, "sha512-Zz+aZWSj8LE6zoxD+xrjh4VfkIG8Ya6LvYkZqtUQGJPZjYl53ypCaUwWqo7eI0x66KBGeRo+mlBEkMSeSZ38Nw=="],

    "varint": ["varint@6.0.0", "", {}, "sha512-cXEIW6cfr15lFv563k4GuVuW/fiwjknytD37jIOLSdSWuOI6WnO/oKwmP2FQTU2l01LP8/M5TSAJpzUaGe3uWg=="],
  }
}
